// !$*UTF8*$!
{
	archiveVersion = 1;
	classes = {
	};
	objectVersion = 46;
	objects = {

/* Begin PBXBuildFile section */
		1A05F2E34A575280B1DA7BCA /* libPods-AyyoTest.a in Frameworks */ = {isa = PBXBuildFile; fileRef = 64EA973F687D4FECA7EED9C5 /* libPods-AyyoTest.a */; };
		53299B0B1CEB041A005D44B1 /* AYTrailerButton.m in Sources */ = {isa = PBXBuildFile; fileRef = 53299B0A1CEB041A005D44B1 /* AYTrailerButton.m */; };
		53299B0E1CEB0828005D44B1 /* AYBookmarkButton.m in Sources */ = {isa = PBXBuildFile; fileRef = 53299B0D1CEB0828005D44B1 /* AYBookmarkButton.m */; };
		53299B121CEB219F005D44B1 /* AYMoviePonso.m in Sources */ = {isa = PBXBuildFile; fileRef = 53299B111CEB219F005D44B1 /* AYMoviePonso.m */; };
		53299B151CEB221B005D44B1 /* AYPricePonso.m in Sources */ = {isa = PBXBuildFile; fileRef = 53299B141CEB221B005D44B1 /* AYPricePonso.m */; };
		53299B181CEB2288005D44B1 /* AYPriceValuePonso.m in Sources */ = {isa = PBXBuildFile; fileRef = 53299B171CEB2288005D44B1 /* AYPriceValuePonso.m */; };
		532B6AE51CEB6DA0002B2B98 /* AYBuyMovieContainer.m in Sources */ = {isa = PBXBuildFile; fileRef = 532B6AE41CEB6DA0002B2B98 /* AYBuyMovieContainer.m */; };
		532B6AE81CEB6FAC002B2B98 /* AYSegmentControl.m in Sources */ = {isa = PBXBuildFile; fileRef = 532B6AE71CEB6FAC002B2B98 /* AYSegmentControl.m */; };
		532B6AEF1CEB9159002B2B98 /* AYPriceSlider.m in Sources */ = {isa = PBXBuildFile; fileRef = 532B6AEE1CEB9159002B2B98 /* AYPriceSlider.m */; };
		532B6AF51CEB935E002B2B98 /* AYPriceCell.m in Sources */ = {isa = PBXBuildFile; fileRef = 532B6AF41CEB935E002B2B98 /* AYPriceCell.m */; };
		532D66161CEB2AE70019CAA8 /* cover.png in Resources */ = {isa = PBXBuildFile; fileRef = 532D66131CEB2AE70019CAA8 /* cover.png */; };
		532D66171CEB2AE70019CAA8 /* cover@2x.png in Resources */ = {isa = PBXBuildFile; fileRef = 532D66141CEB2AE70019CAA8 /* cover@2x.png */; };
		532D66181CEB2AE70019CAA8 /* cover@3x.png in Resources */ = {isa = PBXBuildFile; fileRef = 532D66151CEB2AE70019CAA8 /* cover@3x.png */; };
		534A74C1EFF1EE76028D9E45 /* AYBuyMovieAssembly.m in Sources */ = {isa = PBXBuildFile; fileRef = 4D02688779417F43C4482921 /* AYBuyMovieAssembly.m */; };
		539F0C061CEA331700E9B47E /* AppDelegate.m in Sources */ = {isa = PBXBuildFile; fileRef = 539F0BF81CEA331700E9B47E /* AppDelegate.m */; };
		539F0C071CEA331700E9B47E /* Assets.xcassets in Resources */ = {isa = PBXBuildFile; fileRef = 539F0BFC1CEA331700E9B47E /* Assets.xcassets */; };
		539F0C081CEA331700E9B47E /* LaunchScreen.storyboard in Resources */ = {isa = PBXBuildFile; fileRef = 539F0BFD1CEA331700E9B47E /* LaunchScreen.storyboard */; };
		539F0C0B1CEA331700E9B47E /* main.m in Sources */ = {isa = PBXBuildFile; fileRef = 539F0C041CEA331700E9B47E /* main.m */; };
		539F0C0E1CEA33E600E9B47E /* AYAppAssembly.m in Sources */ = {isa = PBXBuildFile; fileRef = 539F0C0D1CEA33E600E9B47E /* AYAppAssembly.m */; };
		539F0C121CEA346500E9B47E /* AYRootAssembly.m in Sources */ = {isa = PBXBuildFile; fileRef = 539F0C111CEA346500E9B47E /* AYRootAssembly.m */; };
		539F0C151CEA347000E9B47E /* AYRootViewController.m in Sources */ = {isa = PBXBuildFile; fileRef = 539F0C141CEA347000E9B47E /* AYRootViewController.m */; };
		539F0C181CEA349300E9B47E /* AYRootWireframe.m in Sources */ = {isa = PBXBuildFile; fileRef = 539F0C171CEA349300E9B47E /* AYRootWireframe.m */; };
		539F0C241CEA393F00E9B47E /* AYStartAssembly.m in Sources */ = {isa = PBXBuildFile; fileRef = 539F0C1D1CEA393F00E9B47E /* AYStartAssembly.m */; };
		539F0C251CEA393F00E9B47E /* AYStartViewController.m in Sources */ = {isa = PBXBuildFile; fileRef = 539F0C1F1CEA393F00E9B47E /* AYStartViewController.m */; };
		539F0C261CEA393F00E9B47E /* AYStartWireframe.m in Sources */ = {isa = PBXBuildFile; fileRef = 539F0C231CEA393F00E9B47E /* AYStartWireframe.m */; };
		539F0C3C1CEA39BA00E9B47E /* AYMovieAssembly.m in Sources */ = {isa = PBXBuildFile; fileRef = 539F0C351CEA39BA00E9B47E /* AYMovieAssembly.m */; };
		539F0C3D1CEA39BA00E9B47E /* AYMovieViewController.m in Sources */ = {isa = PBXBuildFile; fileRef = 539F0C371CEA39BA00E9B47E /* AYMovieViewController.m */; };
		539F0C3E1CEA39BA00E9B47E /* AYMovieWireframe.m in Sources */ = {isa = PBXBuildFile; fileRef = 539F0C3B1CEA39BA00E9B47E /* AYMovieWireframe.m */; };
		539F0C5F1CEA40B600E9B47E /* APLBlocks.m in Sources */ = {isa = PBXBuildFile; fileRef = 539F0C411CEA40B600E9B47E /* APLBlocks.m */; };
		539F0C601CEA40B600E9B47E /* APLColorScheme.m in Sources */ = {isa = PBXBuildFile; fileRef = 539F0C431CEA40B600E9B47E /* APLColorScheme.m */; };
		539F0C611CEA40B600E9B47E /* APLFileSystem.m in Sources */ = {isa = PBXBuildFile; fileRef = 539F0C451CEA40B600E9B47E /* APLFileSystem.m */; };
		539F0C621CEA40B600E9B47E /* APLKeyboardHelper.m in Sources */ = {isa = PBXBuildFile; fileRef = 539F0C471CEA40B600E9B47E /* APLKeyboardHelper.m */; };
		539F0C631CEA40B600E9B47E /* APLPageControl.m in Sources */ = {isa = PBXBuildFile; fileRef = 539F0C491CEA40B600E9B47E /* APLPageControl.m */; };
		539F0C641CEA40B600E9B47E /* APLTextHelper.m in Sources */ = {isa = PBXBuildFile; fileRef = 539F0C4B1CEA40B600E9B47E /* APLTextHelper.m */; };
		539F0C651CEA40B600E9B47E /* APLView.m in Sources */ = {isa = PBXBuildFile; fileRef = 539F0C4D1CEA40B600E9B47E /* APLView.m */; };
		539F0C661CEA40B600E9B47E /* NSNotificationCenter+APL.m in Sources */ = {isa = PBXBuildFile; fileRef = 539F0C4F1CEA40B600E9B47E /* NSNotificationCenter+APL.m */; };
		539F0C671CEA40B600E9B47E /* NSObject+APL.m in Sources */ = {isa = PBXBuildFile; fileRef = 539F0C511CEA40B600E9B47E /* NSObject+APL.m */; };
		539F0C681CEA40B600E9B47E /* NSString+Attributing.m in Sources */ = {isa = PBXBuildFile; fileRef = 539F0C531CEA40B600E9B47E /* NSString+Attributing.m */; };
		539F0C691CEA40B600E9B47E /* NSString+Utils.m in Sources */ = {isa = PBXBuildFile; fileRef = 539F0C551CEA40B600E9B47E /* NSString+Utils.m */; };
		539F0C6A1CEA40B600E9B47E /* UIColor+APL.m in Sources */ = {isa = PBXBuildFile; fileRef = 539F0C571CEA40B600E9B47E /* UIColor+APL.m */; };
		539F0C6B1CEA40B600E9B47E /* UIViewController+APL.m in Sources */ = {isa = PBXBuildFile; fileRef = 539F0C591CEA40B600E9B47E /* UIViewController+APL.m */; };
		539F0C6C1CEA40B600E9B47E /* APLServiceLocator.m in Sources */ = {isa = PBXBuildFile; fileRef = 539F0C5D1CEA40B600E9B47E /* APLServiceLocator.m */; };
		539F0C6F1CEA40D400E9B47E /* ColorScheme.plist in Resources */ = {isa = PBXBuildFile; fileRef = 539F0C6D1CEA40D400E9B47E /* ColorScheme.plist */; };
		539F0C731CEA4E2400E9B47E /* AYAppConfiguratorImp.m in Sources */ = {isa = PBXBuildFile; fileRef = 539F0C721CEA4E2400E9B47E /* AYAppConfiguratorImp.m */; };
		539F0C791CEA516200E9B47E /* AYRoundedButton.m in Sources */ = {isa = PBXBuildFile; fileRef = 539F0C781CEA516200E9B47E /* AYRoundedButton.m */; };
		539F0C7F1CEA54DE00E9B47E /* AYGradientView.m in Sources */ = {isa = PBXBuildFile; fileRef = 539F0C7E1CEA54DE00E9B47E /* AYGradientView.m */; };
		539F0C851CEA5B4900E9B47E /* UIImage+ImageEffects.m in Sources */ = {isa = PBXBuildFile; fileRef = 539F0C821CEA5B4900E9B47E /* UIImage+ImageEffects.m */; };
		539F0C861CEA5B4900E9B47E /* UIView+Blur.m in Sources */ = {isa = PBXBuildFile; fileRef = 539F0C841CEA5B4900E9B47E /* UIView+Blur.m */; };
		539F0C891CEA5C3200E9B47E /* AYBluredCoverView.m in Sources */ = {isa = PBXBuildFile; fileRef = 539F0C881CEA5C3200E9B47E /* AYBluredCoverView.m */; };
		539F0C8C1CEA5E2500E9B47E /* UIFont+App.m in Sources */ = {isa = PBXBuildFile; fileRef = 539F0C8B1CEA5E2500E9B47E /* UIFont+App.m */; };
		539F0C921CEA600B00E9B47E /* FuturaPTBold.otf in Resources */ = {isa = PBXBuildFile; fileRef = 539F0C8E1CEA600B00E9B47E /* FuturaPTBold.otf */; };
		539F0C931CEA600B00E9B47E /* ProximaNovaRegular.otf in Resources */ = {isa = PBXBuildFile; fileRef = 539F0C8F1CEA600B00E9B47E /* ProximaNovaRegular.otf */; };
		539F0C941CEA600B00E9B47E /* ProximaNovaSemibold.otf in Resources */ = {isa = PBXBuildFile; fileRef = 539F0C901CEA600B00E9B47E /* ProximaNovaSemibold.otf */; };
		539F0C951CEA600B00E9B47E /* ProximaNovaThin.otf in Resources */ = {isa = PBXBuildFile; fileRef = 539F0C911CEA600B00E9B47E /* ProximaNovaThin.otf */; };
		539F0C9C1CEA642800E9B47E /* AYRatingView.m in Sources */ = {isa = PBXBuildFile; fileRef = 539F0C9B1CEA642800E9B47E /* AYRatingView.m */; };
		539F0C9F1CEA643D00E9B47E /* AYKinopoiskRatingView.m in Sources */ = {isa = PBXBuildFile; fileRef = 539F0C9E1CEA643D00E9B47E /* AYKinopoiskRatingView.m */; };
		539F0CA21CEA644A00E9B47E /* AYImdbRatingView.m in Sources */ = {isa = PBXBuildFile; fileRef = 539F0CA11CEA644A00E9B47E /* AYImdbRatingView.m */; };
		539F0CA51CEA645E00E9B47E /* AYAgeRatingView.m in Sources */ = {isa = PBXBuildFile; fileRef = 539F0CA41CEA645E00E9B47E /* AYAgeRatingView.m */; };
		539F0CA81CEA6DC200E9B47E /* AYIconRatingView.m in Sources */ = {isa = PBXBuildFile; fileRef = 539F0CA71CEA6DC200E9B47E /* AYIconRatingView.m */; };
		53BB7EC21CEC92A000379B2F /* AYLoadingButton.m in Sources */ = {isa = PBXBuildFile; fileRef = 53BB7EC11CEC92A000379B2F /* AYLoadingButton.m */; };
		78F8DD12729E16E67EA74EC5 /* AYBuyMovieWireframe.m in Sources */ = {isa = PBXBuildFile; fileRef = 760B810767BA2E900A43FB91 /* AYBuyMovieWireframe.m */; };
		AF802DEF7CAC012FC3D2EB7D /* AYBuyMovieViewController.m in Sources */ = {isa = PBXBuildFile; fileRef = 6593A2E9943C3A0D961FBD6A /* AYBuyMovieViewController.m */; };
/* End PBXBuildFile section */

/* Begin PBXFileReference section */
		02EBFB36552590F352CAF26A /* Pods-AyyoTest.release.xcconfig */ = {isa = PBXFileReference; includeInIndex = 1; lastKnownFileType = text.xcconfig; name = "Pods-AyyoTest.release.xcconfig"; path = "Pods/Target Support Files/Pods-AyyoTest/Pods-AyyoTest.release.xcconfig"; sourceTree = "<group>"; };
		4D02688779417F43C4482921 /* AYBuyMovieAssembly.m */ = {isa = PBXFileReference; includeInIndex = 1; lastKnownFileType = sourcecode.c.objc; path = AYBuyMovieAssembly.m; sourceTree = "<group>"; };
		53299B091CEB041A005D44B1 /* AYTrailerButton.h */ = {isa = PBXFileReference; fileEncoding = 4; lastKnownFileType = sourcecode.c.h; path = AYTrailerButton.h; sourceTree = "<group>"; };
		53299B0A1CEB041A005D44B1 /* AYTrailerButton.m */ = {isa = PBXFileReference; fileEncoding = 4; lastKnownFileType = sourcecode.c.objc; path = AYTrailerButton.m; sourceTree = "<group>"; };
		53299B0C1CEB0828005D44B1 /* AYBookmarkButton.h */ = {isa = PBXFileReference; fileEncoding = 4; lastKnownFileType = sourcecode.c.h; path = AYBookmarkButton.h; sourceTree = "<group>"; };
		53299B0D1CEB0828005D44B1 /* AYBookmarkButton.m */ = {isa = PBXFileReference; fileEncoding = 4; lastKnownFileType = sourcecode.c.objc; path = AYBookmarkButton.m; sourceTree = "<group>"; };
		53299B101CEB219F005D44B1 /* AYMoviePonso.h */ = {isa = PBXFileReference; fileEncoding = 4; lastKnownFileType = sourcecode.c.h; path = AYMoviePonso.h; sourceTree = "<group>"; };
		53299B111CEB219F005D44B1 /* AYMoviePonso.m */ = {isa = PBXFileReference; fileEncoding = 4; lastKnownFileType = sourcecode.c.objc; path = AYMoviePonso.m; sourceTree = "<group>"; };
		53299B131CEB221B005D44B1 /* AYPricePonso.h */ = {isa = PBXFileReference; fileEncoding = 4; lastKnownFileType = sourcecode.c.h; path = AYPricePonso.h; sourceTree = "<group>"; };
		53299B141CEB221B005D44B1 /* AYPricePonso.m */ = {isa = PBXFileReference; fileEncoding = 4; lastKnownFileType = sourcecode.c.objc; path = AYPricePonso.m; sourceTree = "<group>"; };
		53299B161CEB2288005D44B1 /* AYPriceValuePonso.h */ = {isa = PBXFileReference; fileEncoding = 4; lastKnownFileType = sourcecode.c.h; path = AYPriceValuePonso.h; sourceTree = "<group>"; };
		53299B171CEB2288005D44B1 /* AYPriceValuePonso.m */ = {isa = PBXFileReference; fileEncoding = 4; lastKnownFileType = sourcecode.c.objc; path = AYPriceValuePonso.m; sourceTree = "<group>"; };
		532B6AE31CEB6DA0002B2B98 /* AYBuyMovieContainer.h */ = {isa = PBXFileReference; fileEncoding = 4; lastKnownFileType = sourcecode.c.h; path = AYBuyMovieContainer.h; sourceTree = "<group>"; };
		532B6AE41CEB6DA0002B2B98 /* AYBuyMovieContainer.m */ = {isa = PBXFileReference; fileEncoding = 4; lastKnownFileType = sourcecode.c.objc; path = AYBuyMovieContainer.m; sourceTree = "<group>"; };
		532B6AE61CEB6FAC002B2B98 /* AYSegmentControl.h */ = {isa = PBXFileReference; fileEncoding = 4; lastKnownFileType = sourcecode.c.h; path = AYSegmentControl.h; sourceTree = "<group>"; };
		532B6AE71CEB6FAC002B2B98 /* AYSegmentControl.m */ = {isa = PBXFileReference; fileEncoding = 4; lastKnownFileType = sourcecode.c.objc; path = AYSegmentControl.m; sourceTree = "<group>"; };
		532B6AEC1CEB7BED002B2B98 /* AYBuyMovieModuleOutput.h */ = {isa = PBXFileReference; lastKnownFileType = sourcecode.c.h; path = AYBuyMovieModuleOutput.h; sourceTree = "<group>"; };
		532B6AED1CEB9159002B2B98 /* AYPriceSlider.h */ = {isa = PBXFileReference; fileEncoding = 4; lastKnownFileType = sourcecode.c.h; path = AYPriceSlider.h; sourceTree = "<group>"; };
		532B6AEE1CEB9159002B2B98 /* AYPriceSlider.m */ = {isa = PBXFileReference; fileEncoding = 4; lastKnownFileType = sourcecode.c.objc; path = AYPriceSlider.m; sourceTree = "<group>"; };
		532B6AF31CEB935E002B2B98 /* AYPriceCell.h */ = {isa = PBXFileReference; fileEncoding = 4; lastKnownFileType = sourcecode.c.h; path = AYPriceCell.h; sourceTree = "<group>"; };
		532B6AF41CEB935E002B2B98 /* AYPriceCell.m */ = {isa = PBXFileReference; fileEncoding = 4; lastKnownFileType = sourcecode.c.objc; path = AYPriceCell.m; sourceTree = "<group>"; };
		532D66131CEB2AE70019CAA8 /* cover.png */ = {isa = PBXFileReference; lastKnownFileType = image.png; path = cover.png; sourceTree = "<group>"; };
		532D66141CEB2AE70019CAA8 /* cover@2x.png */ = {isa = PBXFileReference; lastKnownFileType = image.png; path = "cover@2x.png"; sourceTree = "<group>"; };
		532D66151CEB2AE70019CAA8 /* cover@3x.png */ = {isa = PBXFileReference; lastKnownFileType = image.png; path = "cover@3x.png"; sourceTree = "<group>"; };
		539F0BDC1CEA322900E9B47E /* AyyoTest.app */ = {isa = PBXFileReference; explicitFileType = wrapper.application; includeInIndex = 0; path = AyyoTest.app; sourceTree = BUILT_PRODUCTS_DIR; };
		539F0BF71CEA331700E9B47E /* AppDelegate.h */ = {isa = PBXFileReference; fileEncoding = 4; lastKnownFileType = sourcecode.c.h; path = AppDelegate.h; sourceTree = "<group>"; };
		539F0BF81CEA331700E9B47E /* AppDelegate.m */ = {isa = PBXFileReference; fileEncoding = 4; lastKnownFileType = sourcecode.c.objc; path = AppDelegate.m; sourceTree = "<group>"; };
		539F0BFC1CEA331700E9B47E /* Assets.xcassets */ = {isa = PBXFileReference; lastKnownFileType = folder.assetcatalog; path = Assets.xcassets; sourceTree = "<group>"; };
		539F0BFE1CEA331700E9B47E /* Base */ = {isa = PBXFileReference; lastKnownFileType = file.storyboard; name = Base; path = Base.lproj/LaunchScreen.storyboard; sourceTree = "<group>"; };
		539F0C031CEA331700E9B47E /* Info.plist */ = {isa = PBXFileReference; fileEncoding = 4; lastKnownFileType = text.plist.xml; path = Info.plist; sourceTree = "<group>"; };
		539F0C041CEA331700E9B47E /* main.m */ = {isa = PBXFileReference; fileEncoding = 4; lastKnownFileType = sourcecode.c.objc; path = main.m; sourceTree = "<group>"; };
		539F0C0C1CEA33E600E9B47E /* AYAppAssembly.h */ = {isa = PBXFileReference; fileEncoding = 4; lastKnownFileType = sourcecode.c.h; path = AYAppAssembly.h; sourceTree = "<group>"; };
		539F0C0D1CEA33E600E9B47E /* AYAppAssembly.m */ = {isa = PBXFileReference; fileEncoding = 4; lastKnownFileType = sourcecode.c.objc; path = AYAppAssembly.m; sourceTree = "<group>"; };
		539F0C101CEA346500E9B47E /* AYRootAssembly.h */ = {isa = PBXFileReference; fileEncoding = 4; lastKnownFileType = sourcecode.c.h; path = AYRootAssembly.h; sourceTree = "<group>"; };
		539F0C111CEA346500E9B47E /* AYRootAssembly.m */ = {isa = PBXFileReference; fileEncoding = 4; lastKnownFileType = sourcecode.c.objc; path = AYRootAssembly.m; sourceTree = "<group>"; };
		539F0C131CEA347000E9B47E /* AYRootViewController.h */ = {isa = PBXFileReference; fileEncoding = 4; lastKnownFileType = sourcecode.c.h; path = AYRootViewController.h; sourceTree = "<group>"; };
		539F0C141CEA347000E9B47E /* AYRootViewController.m */ = {isa = PBXFileReference; fileEncoding = 4; lastKnownFileType = sourcecode.c.objc; path = AYRootViewController.m; sourceTree = "<group>"; };
		539F0C161CEA349300E9B47E /* AYRootWireframe.h */ = {isa = PBXFileReference; fileEncoding = 4; lastKnownFileType = sourcecode.c.h; path = AYRootWireframe.h; sourceTree = "<group>"; };
		539F0C171CEA349300E9B47E /* AYRootWireframe.m */ = {isa = PBXFileReference; fileEncoding = 4; lastKnownFileType = sourcecode.c.objc; path = AYRootWireframe.m; sourceTree = "<group>"; };
		539F0C191CEA351000E9B47E /* AYRootViewInput.h */ = {isa = PBXFileReference; lastKnownFileType = sourcecode.c.h; path = AYRootViewInput.h; sourceTree = "<group>"; };
		539F0C1A1CEA351800E9B47E /* AYRootViewOutput.h */ = {isa = PBXFileReference; lastKnownFileType = sourcecode.c.h; path = AYRootViewOutput.h; sourceTree = "<group>"; };
		539F0C1C1CEA393F00E9B47E /* AYStartAssembly.h */ = {isa = PBXFileReference; fileEncoding = 4; lastKnownFileType = sourcecode.c.h; path = AYStartAssembly.h; sourceTree = "<group>"; };
		539F0C1D1CEA393F00E9B47E /* AYStartAssembly.m */ = {isa = PBXFileReference; fileEncoding = 4; lastKnownFileType = sourcecode.c.objc; path = AYStartAssembly.m; sourceTree = "<group>"; };
		539F0C1E1CEA393F00E9B47E /* AYStartViewController.h */ = {isa = PBXFileReference; fileEncoding = 4; lastKnownFileType = sourcecode.c.h; path = AYStartViewController.h; sourceTree = "<group>"; };
		539F0C1F1CEA393F00E9B47E /* AYStartViewController.m */ = {isa = PBXFileReference; fileEncoding = 4; lastKnownFileType = sourcecode.c.objc; path = AYStartViewController.m; sourceTree = "<group>"; };
		539F0C201CEA393F00E9B47E /* AYStartViewInput.h */ = {isa = PBXFileReference; fileEncoding = 4; lastKnownFileType = sourcecode.c.h; path = AYStartViewInput.h; sourceTree = "<group>"; };
		539F0C211CEA393F00E9B47E /* AYStartViewOutput.h */ = {isa = PBXFileReference; fileEncoding = 4; lastKnownFileType = sourcecode.c.h; path = AYStartViewOutput.h; sourceTree = "<group>"; };
		539F0C221CEA393F00E9B47E /* AYStartWireframe.h */ = {isa = PBXFileReference; fileEncoding = 4; lastKnownFileType = sourcecode.c.h; path = AYStartWireframe.h; sourceTree = "<group>"; };
		539F0C231CEA393F00E9B47E /* AYStartWireframe.m */ = {isa = PBXFileReference; fileEncoding = 4; lastKnownFileType = sourcecode.c.objc; path = AYStartWireframe.m; sourceTree = "<group>"; };
		539F0C341CEA39BA00E9B47E /* AYMovieAssembly.h */ = {isa = PBXFileReference; fileEncoding = 4; lastKnownFileType = sourcecode.c.h; path = AYMovieAssembly.h; sourceTree = "<group>"; };
		539F0C351CEA39BA00E9B47E /* AYMovieAssembly.m */ = {isa = PBXFileReference; fileEncoding = 4; lastKnownFileType = sourcecode.c.objc; path = AYMovieAssembly.m; sourceTree = "<group>"; };
		539F0C361CEA39BA00E9B47E /* AYMovieViewController.h */ = {isa = PBXFileReference; fileEncoding = 4; lastKnownFileType = sourcecode.c.h; path = AYMovieViewController.h; sourceTree = "<group>"; };
		539F0C371CEA39BA00E9B47E /* AYMovieViewController.m */ = {isa = PBXFileReference; fileEncoding = 4; lastKnownFileType = sourcecode.c.objc; path = AYMovieViewController.m; sourceTree = "<group>"; };
		539F0C381CEA39BA00E9B47E /* AYMovieViewInput.h */ = {isa = PBXFileReference; fileEncoding = 4; lastKnownFileType = sourcecode.c.h; path = AYMovieViewInput.h; sourceTree = "<group>"; };
		539F0C391CEA39BA00E9B47E /* AYMovieViewOutput.h */ = {isa = PBXFileReference; fileEncoding = 4; lastKnownFileType = sourcecode.c.h; path = AYMovieViewOutput.h; sourceTree = "<group>"; };
		539F0C3A1CEA39BA00E9B47E /* AYMovieWireframe.h */ = {isa = PBXFileReference; fileEncoding = 4; lastKnownFileType = sourcecode.c.h; path = AYMovieWireframe.h; sourceTree = "<group>"; };
		539F0C3B1CEA39BA00E9B47E /* AYMovieWireframe.m */ = {isa = PBXFileReference; fileEncoding = 4; lastKnownFileType = sourcecode.c.objc; path = AYMovieWireframe.m; sourceTree = "<group>"; };
		539F0C401CEA40B600E9B47E /* APLBlocks.h */ = {isa = PBXFileReference; fileEncoding = 4; lastKnownFileType = sourcecode.c.h; path = APLBlocks.h; sourceTree = "<group>"; };
		539F0C411CEA40B600E9B47E /* APLBlocks.m */ = {isa = PBXFileReference; fileEncoding = 4; lastKnownFileType = sourcecode.c.objc; path = APLBlocks.m; sourceTree = "<group>"; };
		539F0C421CEA40B600E9B47E /* APLColorScheme.h */ = {isa = PBXFileReference; fileEncoding = 4; lastKnownFileType = sourcecode.c.h; path = APLColorScheme.h; sourceTree = "<group>"; };
		539F0C431CEA40B600E9B47E /* APLColorScheme.m */ = {isa = PBXFileReference; fileEncoding = 4; lastKnownFileType = sourcecode.c.objc; path = APLColorScheme.m; sourceTree = "<group>"; };
		539F0C441CEA40B600E9B47E /* APLFileSystem.h */ = {isa = PBXFileReference; fileEncoding = 4; lastKnownFileType = sourcecode.c.h; path = APLFileSystem.h; sourceTree = "<group>"; };
		539F0C451CEA40B600E9B47E /* APLFileSystem.m */ = {isa = PBXFileReference; fileEncoding = 4; lastKnownFileType = sourcecode.c.objc; path = APLFileSystem.m; sourceTree = "<group>"; };
		539F0C461CEA40B600E9B47E /* APLKeyboardHelper.h */ = {isa = PBXFileReference; fileEncoding = 4; lastKnownFileType = sourcecode.c.h; path = APLKeyboardHelper.h; sourceTree = "<group>"; };
		539F0C471CEA40B600E9B47E /* APLKeyboardHelper.m */ = {isa = PBXFileReference; fileEncoding = 4; lastKnownFileType = sourcecode.c.objc; path = APLKeyboardHelper.m; sourceTree = "<group>"; };
		539F0C481CEA40B600E9B47E /* APLPageControl.h */ = {isa = PBXFileReference; fileEncoding = 4; lastKnownFileType = sourcecode.c.h; path = APLPageControl.h; sourceTree = "<group>"; };
		539F0C491CEA40B600E9B47E /* APLPageControl.m */ = {isa = PBXFileReference; fileEncoding = 4; lastKnownFileType = sourcecode.c.objc; path = APLPageControl.m; sourceTree = "<group>"; };
		539F0C4A1CEA40B600E9B47E /* APLTextHelper.h */ = {isa = PBXFileReference; fileEncoding = 4; lastKnownFileType = sourcecode.c.h; path = APLTextHelper.h; sourceTree = "<group>"; };
		539F0C4B1CEA40B600E9B47E /* APLTextHelper.m */ = {isa = PBXFileReference; fileEncoding = 4; lastKnownFileType = sourcecode.c.objc; path = APLTextHelper.m; sourceTree = "<group>"; };
		539F0C4C1CEA40B600E9B47E /* APLView.h */ = {isa = PBXFileReference; fileEncoding = 4; lastKnownFileType = sourcecode.c.h; path = APLView.h; sourceTree = "<group>"; };
		539F0C4D1CEA40B600E9B47E /* APLView.m */ = {isa = PBXFileReference; fileEncoding = 4; lastKnownFileType = sourcecode.c.objc; path = APLView.m; sourceTree = "<group>"; };
		539F0C4E1CEA40B600E9B47E /* NSNotificationCenter+APL.h */ = {isa = PBXFileReference; fileEncoding = 4; lastKnownFileType = sourcecode.c.h; path = "NSNotificationCenter+APL.h"; sourceTree = "<group>"; };
		539F0C4F1CEA40B600E9B47E /* NSNotificationCenter+APL.m */ = {isa = PBXFileReference; fileEncoding = 4; lastKnownFileType = sourcecode.c.objc; path = "NSNotificationCenter+APL.m"; sourceTree = "<group>"; };
		539F0C501CEA40B600E9B47E /* NSObject+APL.h */ = {isa = PBXFileReference; fileEncoding = 4; lastKnownFileType = sourcecode.c.h; path = "NSObject+APL.h"; sourceTree = "<group>"; };
		539F0C511CEA40B600E9B47E /* NSObject+APL.m */ = {isa = PBXFileReference; fileEncoding = 4; lastKnownFileType = sourcecode.c.objc; path = "NSObject+APL.m"; sourceTree = "<group>"; };
		539F0C521CEA40B600E9B47E /* NSString+Attributing.h */ = {isa = PBXFileReference; fileEncoding = 4; lastKnownFileType = sourcecode.c.h; path = "NSString+Attributing.h"; sourceTree = "<group>"; };
		539F0C531CEA40B600E9B47E /* NSString+Attributing.m */ = {isa = PBXFileReference; fileEncoding = 4; lastKnownFileType = sourcecode.c.objc; path = "NSString+Attributing.m"; sourceTree = "<group>"; };
		539F0C541CEA40B600E9B47E /* NSString+Utils.h */ = {isa = PBXFileReference; fileEncoding = 4; lastKnownFileType = sourcecode.c.h; path = "NSString+Utils.h"; sourceTree = "<group>"; };
		539F0C551CEA40B600E9B47E /* NSString+Utils.m */ = {isa = PBXFileReference; fileEncoding = 4; lastKnownFileType = sourcecode.c.objc; path = "NSString+Utils.m"; sourceTree = "<group>"; };
		539F0C561CEA40B600E9B47E /* UIColor+APL.h */ = {isa = PBXFileReference; fileEncoding = 4; lastKnownFileType = sourcecode.c.h; path = "UIColor+APL.h"; sourceTree = "<group>"; };
		539F0C571CEA40B600E9B47E /* UIColor+APL.m */ = {isa = PBXFileReference; fileEncoding = 4; lastKnownFileType = sourcecode.c.objc; path = "UIColor+APL.m"; sourceTree = "<group>"; };
		539F0C581CEA40B600E9B47E /* UIViewController+APL.h */ = {isa = PBXFileReference; fileEncoding = 4; lastKnownFileType = sourcecode.c.h; path = "UIViewController+APL.h"; sourceTree = "<group>"; };
		539F0C591CEA40B600E9B47E /* UIViewController+APL.m */ = {isa = PBXFileReference; fileEncoding = 4; lastKnownFileType = sourcecode.c.objc; path = "UIViewController+APL.m"; sourceTree = "<group>"; };
		539F0C5B1CEA40B600E9B47E /* APLInteractorProtocol.h */ = {isa = PBXFileReference; fileEncoding = 4; lastKnownFileType = sourcecode.c.h; path = APLInteractorProtocol.h; sourceTree = "<group>"; };
		539F0C5C1CEA40B600E9B47E /* APLServiceLocator.h */ = {isa = PBXFileReference; fileEncoding = 4; lastKnownFileType = sourcecode.c.h; path = APLServiceLocator.h; sourceTree = "<group>"; };
		539F0C5D1CEA40B600E9B47E /* APLServiceLocator.m */ = {isa = PBXFileReference; fileEncoding = 4; lastKnownFileType = sourcecode.c.objc; path = APLServiceLocator.m; sourceTree = "<group>"; };
		539F0C5E1CEA40B600E9B47E /* APLWireframeProtocol.h */ = {isa = PBXFileReference; fileEncoding = 4; lastKnownFileType = sourcecode.c.h; path = APLWireframeProtocol.h; sourceTree = "<group>"; };
		539F0C6D1CEA40D400E9B47E /* ColorScheme.plist */ = {isa = PBXFileReference; fileEncoding = 4; lastKnownFileType = text.plist.xml; path = ColorScheme.plist; sourceTree = "<group>"; };
		539F0C6E1CEA40D400E9B47E /* ColorSchemeHeader.h */ = {isa = PBXFileReference; fileEncoding = 4; lastKnownFileType = sourcecode.c.h; path = ColorSchemeHeader.h; sourceTree = "<group>"; };
		539F0C701CEA4E1400E9B47E /* AYAppConfigurator.h */ = {isa = PBXFileReference; lastKnownFileType = sourcecode.c.h; path = AYAppConfigurator.h; sourceTree = "<group>"; };
		539F0C711CEA4E2400E9B47E /* AYAppConfiguratorImp.h */ = {isa = PBXFileReference; fileEncoding = 4; lastKnownFileType = sourcecode.c.h; path = AYAppConfiguratorImp.h; sourceTree = "<group>"; };
		539F0C721CEA4E2400E9B47E /* AYAppConfiguratorImp.m */ = {isa = PBXFileReference; fileEncoding = 4; lastKnownFileType = sourcecode.c.objc; path = AYAppConfiguratorImp.m; sourceTree = "<group>"; };
		539F0C771CEA516200E9B47E /* AYRoundedButton.h */ = {isa = PBXFileReference; fileEncoding = 4; lastKnownFileType = sourcecode.c.h; path = AYRoundedButton.h; sourceTree = "<group>"; };
		539F0C781CEA516200E9B47E /* AYRoundedButton.m */ = {isa = PBXFileReference; fileEncoding = 4; lastKnownFileType = sourcecode.c.objc; path = AYRoundedButton.m; sourceTree = "<group>"; };
		539F0C7D1CEA54DE00E9B47E /* AYGradientView.h */ = {isa = PBXFileReference; fileEncoding = 4; lastKnownFileType = sourcecode.c.h; path = AYGradientView.h; sourceTree = "<group>"; };
		539F0C7E1CEA54DE00E9B47E /* AYGradientView.m */ = {isa = PBXFileReference; fileEncoding = 4; lastKnownFileType = sourcecode.c.objc; path = AYGradientView.m; sourceTree = "<group>"; };
		539F0C811CEA5B4900E9B47E /* UIImage+ImageEffects.h */ = {isa = PBXFileReference; fileEncoding = 4; lastKnownFileType = sourcecode.c.h; path = "UIImage+ImageEffects.h"; sourceTree = "<group>"; };
		539F0C821CEA5B4900E9B47E /* UIImage+ImageEffects.m */ = {isa = PBXFileReference; fileEncoding = 4; lastKnownFileType = sourcecode.c.objc; path = "UIImage+ImageEffects.m"; sourceTree = "<group>"; };
		539F0C831CEA5B4900E9B47E /* UIView+Blur.h */ = {isa = PBXFileReference; fileEncoding = 4; lastKnownFileType = sourcecode.c.h; path = "UIView+Blur.h"; sourceTree = "<group>"; };
		539F0C841CEA5B4900E9B47E /* UIView+Blur.m */ = {isa = PBXFileReference; fileEncoding = 4; lastKnownFileType = sourcecode.c.objc; path = "UIView+Blur.m"; sourceTree = "<group>"; };
		539F0C871CEA5C3200E9B47E /* AYBluredCoverView.h */ = {isa = PBXFileReference; fileEncoding = 4; lastKnownFileType = sourcecode.c.h; path = AYBluredCoverView.h; sourceTree = "<group>"; };
		539F0C881CEA5C3200E9B47E /* AYBluredCoverView.m */ = {isa = PBXFileReference; fileEncoding = 4; lastKnownFileType = sourcecode.c.objc; path = AYBluredCoverView.m; sourceTree = "<group>"; };
		539F0C8A1CEA5E2500E9B47E /* UIFont+App.h */ = {isa = PBXFileReference; fileEncoding = 4; lastKnownFileType = sourcecode.c.h; path = "UIFont+App.h"; sourceTree = "<group>"; };
		539F0C8B1CEA5E2500E9B47E /* UIFont+App.m */ = {isa = PBXFileReference; fileEncoding = 4; lastKnownFileType = sourcecode.c.objc; path = "UIFont+App.m"; sourceTree = "<group>"; };
		539F0C8E1CEA600B00E9B47E /* FuturaPTBold.otf */ = {isa = PBXFileReference; lastKnownFileType = file; path = FuturaPTBold.otf; sourceTree = "<group>"; };
		539F0C8F1CEA600B00E9B47E /* ProximaNovaRegular.otf */ = {isa = PBXFileReference; lastKnownFileType = file; path = ProximaNovaRegular.otf; sourceTree = "<group>"; };
		539F0C901CEA600B00E9B47E /* ProximaNovaSemibold.otf */ = {isa = PBXFileReference; lastKnownFileType = file; path = ProximaNovaSemibold.otf; sourceTree = "<group>"; };
		539F0C911CEA600B00E9B47E /* ProximaNovaThin.otf */ = {isa = PBXFileReference; lastKnownFileType = file; path = ProximaNovaThin.otf; sourceTree = "<group>"; };
		539F0C9A1CEA642800E9B47E /* AYRatingView.h */ = {isa = PBXFileReference; fileEncoding = 4; lastKnownFileType = sourcecode.c.h; path = AYRatingView.h; sourceTree = "<group>"; };
		539F0C9B1CEA642800E9B47E /* AYRatingView.m */ = {isa = PBXFileReference; fileEncoding = 4; lastKnownFileType = sourcecode.c.objc; path = AYRatingView.m; sourceTree = "<group>"; };
		539F0C9D1CEA643D00E9B47E /* AYKinopoiskRatingView.h */ = {isa = PBXFileReference; fileEncoding = 4; lastKnownFileType = sourcecode.c.h; path = AYKinopoiskRatingView.h; sourceTree = "<group>"; };
		539F0C9E1CEA643D00E9B47E /* AYKinopoiskRatingView.m */ = {isa = PBXFileReference; fileEncoding = 4; lastKnownFileType = sourcecode.c.objc; path = AYKinopoiskRatingView.m; sourceTree = "<group>"; };
		539F0CA01CEA644A00E9B47E /* AYImdbRatingView.h */ = {isa = PBXFileReference; fileEncoding = 4; lastKnownFileType = sourcecode.c.h; path = AYImdbRatingView.h; sourceTree = "<group>"; };
		539F0CA11CEA644A00E9B47E /* AYImdbRatingView.m */ = {isa = PBXFileReference; fileEncoding = 4; lastKnownFileType = sourcecode.c.objc; path = AYImdbRatingView.m; sourceTree = "<group>"; };
		539F0CA31CEA645E00E9B47E /* AYAgeRatingView.h */ = {isa = PBXFileReference; fileEncoding = 4; lastKnownFileType = sourcecode.c.h; path = AYAgeRatingView.h; sourceTree = "<group>"; };
		539F0CA41CEA645E00E9B47E /* AYAgeRatingView.m */ = {isa = PBXFileReference; fileEncoding = 4; lastKnownFileType = sourcecode.c.objc; path = AYAgeRatingView.m; sourceTree = "<group>"; };
		539F0CA61CEA6DC200E9B47E /* AYIconRatingView.h */ = {isa = PBXFileReference; fileEncoding = 4; lastKnownFileType = sourcecode.c.h; path = AYIconRatingView.h; sourceTree = "<group>"; };
		539F0CA71CEA6DC200E9B47E /* AYIconRatingView.m */ = {isa = PBXFileReference; fileEncoding = 4; lastKnownFileType = sourcecode.c.objc; path = AYIconRatingView.m; sourceTree = "<group>"; };
		53BB7EC01CEC92A000379B2F /* AYLoadingButton.h */ = {isa = PBXFileReference; fileEncoding = 4; lastKnownFileType = sourcecode.c.h; path = AYLoadingButton.h; sourceTree = "<group>"; };
		53BB7EC11CEC92A000379B2F /* AYLoadingButton.m */ = {isa = PBXFileReference; fileEncoding = 4; lastKnownFileType = sourcecode.c.objc; path = AYLoadingButton.m; sourceTree = "<group>"; };
		64EA973F687D4FECA7EED9C5 /* libPods-AyyoTest.a */ = {isa = PBXFileReference; explicitFileType = archive.ar; includeInIndex = 0; path = "libPods-AyyoTest.a"; sourceTree = BUILT_PRODUCTS_DIR; };
		6593A2E9943C3A0D961FBD6A /* AYBuyMovieViewController.m */ = {isa = PBXFileReference; includeInIndex = 1; lastKnownFileType = sourcecode.c.objc; path = AYBuyMovieViewController.m; sourceTree = "<group>"; };
		70E417061EF17E93893B7E4C /* AYBuyMovieViewController.h */ = {isa = PBXFileReference; includeInIndex = 1; lastKnownFileType = sourcecode.c.h; path = AYBuyMovieViewController.h; sourceTree = "<group>"; };
		760B810767BA2E900A43FB91 /* AYBuyMovieWireframe.m */ = {isa = PBXFileReference; includeInIndex = 1; lastKnownFileType = sourcecode.c.objc; path = AYBuyMovieWireframe.m; sourceTree = "<group>"; };
		8A2F9302A567EFB65975BF59 /* Pods-AyyoTest.debug.xcconfig */ = {isa = PBXFileReference; includeInIndex = 1; lastKnownFileType = text.xcconfig; name = "Pods-AyyoTest.debug.xcconfig"; path = "Pods/Target Support Files/Pods-AyyoTest/Pods-AyyoTest.debug.xcconfig"; sourceTree = "<group>"; };
		8B8B00F431B272FDDA640779 /* AYBuyMovieViewOutput.h */ = {isa = PBXFileReference; includeInIndex = 1; lastKnownFileType = sourcecode.c.h; path = AYBuyMovieViewOutput.h; sourceTree = "<group>"; };
		950224EE63ACF208CEA1E99E /* AYBuyMovieAssembly.h */ = {isa = PBXFileReference; includeInIndex = 1; lastKnownFileType = sourcecode.c.h; path = AYBuyMovieAssembly.h; sourceTree = "<group>"; };
		A61E373C46904809CF70C1CE /* AYBuyMovieViewInput.h */ = {isa = PBXFileReference; includeInIndex = 1; lastKnownFileType = sourcecode.c.h; path = AYBuyMovieViewInput.h; sourceTree = "<group>"; };
		E1999F3174634819BE25BE9A /* AYBuyMovieWireframe.h */ = {isa = PBXFileReference; includeInIndex = 1; lastKnownFileType = sourcecode.c.h; path = AYBuyMovieWireframe.h; sourceTree = "<group>"; };
/* End PBXFileReference section */

/* Begin PBXFrameworksBuildPhase section */
		539F0BD91CEA322900E9B47E /* Frameworks */ = {
			isa = PBXFrameworksBuildPhase;
			buildActionMask = 2147483647;
			files = (
				1A05F2E34A575280B1DA7BCA /* libPods-AyyoTest.a in Frameworks */,
			);
			runOnlyForDeploymentPostprocessing = 0;
		};
/* End PBXFrameworksBuildPhase section */

/* Begin PBXGroup section */
		0A112E2C4FD13ABAA70073B6 /* Pods */ = {
			isa = PBXGroup;
			children = (
				8A2F9302A567EFB65975BF59 /* Pods-AyyoTest.debug.xcconfig */,
				02EBFB36552590F352CAF26A /* Pods-AyyoTest.release.xcconfig */,
			);
			name = Pods;
			sourceTree = "<group>";
		};
		5136EB86D94B370937491CEB /* Wireframe */ = {
			isa = PBXGroup;
			children = (
				E1999F3174634819BE25BE9A /* AYBuyMovieWireframe.h */,
				760B810767BA2E900A43FB91 /* AYBuyMovieWireframe.m */,
				532B6AEC1CEB7BED002B2B98 /* AYBuyMovieModuleOutput.h */,
			);
			path = Wireframe;
			sourceTree = "<group>";
		};
		532D66111CEB2AE70019CAA8 /* images */ = {
			isa = PBXGroup;
			children = (
				532D66121CEB2AE70019CAA8 /* cover */,
			);
			path = images;
			sourceTree = "<group>";
		};
		532D66121CEB2AE70019CAA8 /* cover */ = {
			isa = PBXGroup;
			children = (
				532D66131CEB2AE70019CAA8 /* cover.png */,
				532D66141CEB2AE70019CAA8 /* cover@2x.png */,
				532D66151CEB2AE70019CAA8 /* cover@3x.png */,
			);
			path = cover;
			sourceTree = "<group>";
		};
		539F0BD31CEA322900E9B47E = {
			isa = PBXGroup;
			children = (
				539F0BDE1CEA322900E9B47E /* AyyoTest */,
				539F0BDD1CEA322900E9B47E /* Products */,
				0A112E2C4FD13ABAA70073B6 /* Pods */,
				E32C342E7A01A72506869D06 /* Frameworks */,
			);
			sourceTree = "<group>";
		};
		539F0BDD1CEA322900E9B47E /* Products */ = {
			isa = PBXGroup;
			children = (
				539F0BDC1CEA322900E9B47E /* AyyoTest.app */,
			);
			name = Products;
			sourceTree = "<group>";
		};
		539F0BDE1CEA322900E9B47E /* AyyoTest */ = {
			isa = PBXGroup;
			children = (
				539F0C801CEA5B4000E9B47E /* Helpers */,
				539F0C761CEA514200E9B47E /* Shared */,
				539F0BF61CEA331700E9B47E /* App */,
				539F0BF91CEA331700E9B47E /* Model */,
				539F0BFA1CEA331700E9B47E /* Modules */,
				539F0BFB1CEA331700E9B47E /* Resources */,
				539F0C011CEA331700E9B47E /* Service */,
				539F0C021CEA331700E9B47E /* Supporting Files */,
				539F0C051CEA331700E9B47E /* Vendor */,
			);
			path = AyyoTest;
			sourceTree = "<group>";
		};
		539F0BF61CEA331700E9B47E /* App */ = {
			isa = PBXGroup;
			children = (
				539F0BF71CEA331700E9B47E /* AppDelegate.h */,
				539F0BF81CEA331700E9B47E /* AppDelegate.m */,
				539F0C0C1CEA33E600E9B47E /* AYAppAssembly.h */,
				539F0C0D1CEA33E600E9B47E /* AYAppAssembly.m */,
				539F0C701CEA4E1400E9B47E /* AYAppConfigurator.h */,
				539F0C711CEA4E2400E9B47E /* AYAppConfiguratorImp.h */,
				539F0C721CEA4E2400E9B47E /* AYAppConfiguratorImp.m */,
			);
			path = App;
			sourceTree = "<group>";
		};
		539F0BF91CEA331700E9B47E /* Model */ = {
			isa = PBXGroup;
			children = (
				53299B101CEB219F005D44B1 /* AYMoviePonso.h */,
				53299B111CEB219F005D44B1 /* AYMoviePonso.m */,
				53299B131CEB221B005D44B1 /* AYPricePonso.h */,
				53299B141CEB221B005D44B1 /* AYPricePonso.m */,
				53299B161CEB2288005D44B1 /* AYPriceValuePonso.h */,
				53299B171CEB2288005D44B1 /* AYPriceValuePonso.m */,
			);
			path = Model;
			sourceTree = "<group>";
		};
		539F0BFA1CEA331700E9B47E /* Modules */ = {
			isa = PBXGroup;
			children = (
				539F0C331CEA39BA00E9B47E /* Movie */,
				539F0C1B1CEA393F00E9B47E /* Start */,
				539F0C0F1CEA345900E9B47E /* Root */,
				CF278DBB996B58C5AE33B0E6 /* BuyMovie */,
			);
			path = Modules;
			sourceTree = "<group>";
		};
		539F0BFB1CEA331700E9B47E /* Resources */ = {
			isa = PBXGroup;
			children = (
				532D66111CEB2AE70019CAA8 /* images */,
				539F0C8D1CEA600B00E9B47E /* Fonts */,
				539F0C6D1CEA40D400E9B47E /* ColorScheme.plist */,
				539F0C6E1CEA40D400E9B47E /* ColorSchemeHeader.h */,
				539F0BFC1CEA331700E9B47E /* Assets.xcassets */,
				539F0BFD1CEA331700E9B47E /* LaunchScreen.storyboard */,
			);
			path = Resources;
			sourceTree = "<group>";
		};
		539F0C011CEA331700E9B47E /* Service */ = {
			isa = PBXGroup;
			children = (
			);
			path = Service;
			sourceTree = "<group>";
		};
		539F0C021CEA331700E9B47E /* Supporting Files */ = {
			isa = PBXGroup;
			children = (
				539F0C031CEA331700E9B47E /* Info.plist */,
				539F0C041CEA331700E9B47E /* main.m */,
			);
			path = "Supporting Files";
			sourceTree = "<group>";
		};
		539F0C051CEA331700E9B47E /* Vendor */ = {
			isa = PBXGroup;
			children = (
				539F0C3F1CEA40B600E9B47E /* APL */,
			);
			path = Vendor;
			sourceTree = "<group>";
		};
		539F0C0F1CEA345900E9B47E /* Root */ = {
			isa = PBXGroup;
			children = (
				539F0C101CEA346500E9B47E /* AYRootAssembly.h */,
				539F0C111CEA346500E9B47E /* AYRootAssembly.m */,
				539F0C131CEA347000E9B47E /* AYRootViewController.h */,
				539F0C141CEA347000E9B47E /* AYRootViewController.m */,
				539F0C161CEA349300E9B47E /* AYRootWireframe.h */,
				539F0C171CEA349300E9B47E /* AYRootWireframe.m */,
				539F0C191CEA351000E9B47E /* AYRootViewInput.h */,
				539F0C1A1CEA351800E9B47E /* AYRootViewOutput.h */,
			);
			path = Root;
			sourceTree = "<group>";
		};
		539F0C1B1CEA393F00E9B47E /* Start */ = {
			isa = PBXGroup;
			children = (
				539F0C1C1CEA393F00E9B47E /* AYStartAssembly.h */,
				539F0C1D1CEA393F00E9B47E /* AYStartAssembly.m */,
				539F0C1E1CEA393F00E9B47E /* AYStartViewController.h */,
				539F0C1F1CEA393F00E9B47E /* AYStartViewController.m */,
				539F0C201CEA393F00E9B47E /* AYStartViewInput.h */,
				539F0C211CEA393F00E9B47E /* AYStartViewOutput.h */,
				539F0C221CEA393F00E9B47E /* AYStartWireframe.h */,
				539F0C231CEA393F00E9B47E /* AYStartWireframe.m */,
			);
			path = Start;
			sourceTree = "<group>";
		};
		539F0C331CEA39BA00E9B47E /* Movie */ = {
			isa = PBXGroup;
			children = (
				539F0C341CEA39BA00E9B47E /* AYMovieAssembly.h */,
				539F0C351CEA39BA00E9B47E /* AYMovieAssembly.m */,
				539F0C361CEA39BA00E9B47E /* AYMovieViewController.h */,
				539F0C371CEA39BA00E9B47E /* AYMovieViewController.m */,
				539F0C381CEA39BA00E9B47E /* AYMovieViewInput.h */,
				539F0C391CEA39BA00E9B47E /* AYMovieViewOutput.h */,
				539F0C3A1CEA39BA00E9B47E /* AYMovieWireframe.h */,
				539F0C3B1CEA39BA00E9B47E /* AYMovieWireframe.m */,
			);
			path = Movie;
			sourceTree = "<group>";
		};
		539F0C3F1CEA40B600E9B47E /* APL */ = {
			isa = PBXGroup;
			children = (
				539F0C401CEA40B600E9B47E /* APLBlocks.h */,
				539F0C411CEA40B600E9B47E /* APLBlocks.m */,
				539F0C421CEA40B600E9B47E /* APLColorScheme.h */,
				539F0C431CEA40B600E9B47E /* APLColorScheme.m */,
				539F0C441CEA40B600E9B47E /* APLFileSystem.h */,
				539F0C451CEA40B600E9B47E /* APLFileSystem.m */,
				539F0C461CEA40B600E9B47E /* APLKeyboardHelper.h */,
				539F0C471CEA40B600E9B47E /* APLKeyboardHelper.m */,
				539F0C481CEA40B600E9B47E /* APLPageControl.h */,
				539F0C491CEA40B600E9B47E /* APLPageControl.m */,
				539F0C4A1CEA40B600E9B47E /* APLTextHelper.h */,
				539F0C4B1CEA40B600E9B47E /* APLTextHelper.m */,
				539F0C4C1CEA40B600E9B47E /* APLView.h */,
				539F0C4D1CEA40B600E9B47E /* APLView.m */,
				539F0C4E1CEA40B600E9B47E /* NSNotificationCenter+APL.h */,
				539F0C4F1CEA40B600E9B47E /* NSNotificationCenter+APL.m */,
				539F0C501CEA40B600E9B47E /* NSObject+APL.h */,
				539F0C511CEA40B600E9B47E /* NSObject+APL.m */,
				539F0C521CEA40B600E9B47E /* NSString+Attributing.h */,
				539F0C531CEA40B600E9B47E /* NSString+Attributing.m */,
				539F0C541CEA40B600E9B47E /* NSString+Utils.h */,
				539F0C551CEA40B600E9B47E /* NSString+Utils.m */,
				539F0C561CEA40B600E9B47E /* UIColor+APL.h */,
				539F0C571CEA40B600E9B47E /* UIColor+APL.m */,
				539F0C581CEA40B600E9B47E /* UIViewController+APL.h */,
				539F0C591CEA40B600E9B47E /* UIViewController+APL.m */,
				539F0C5A1CEA40B600E9B47E /* VIPER */,
			);
			path = APL;
			sourceTree = "<group>";
		};
		539F0C5A1CEA40B600E9B47E /* VIPER */ = {
			isa = PBXGroup;
			children = (
				539F0C5B1CEA40B600E9B47E /* APLInteractorProtocol.h */,
				539F0C5C1CEA40B600E9B47E /* APLServiceLocator.h */,
				539F0C5D1CEA40B600E9B47E /* APLServiceLocator.m */,
				539F0C5E1CEA40B600E9B47E /* APLWireframeProtocol.h */,
			);
			path = VIPER;
			sourceTree = "<group>";
		};
		539F0C761CEA514200E9B47E /* Shared */ = {
			isa = PBXGroup;
			children = (
				539F0C991CEA642800E9B47E /* Rating */,
				539F0C771CEA516200E9B47E /* AYRoundedButton.h */,
				539F0C781CEA516200E9B47E /* AYRoundedButton.m */,
				539F0C7D1CEA54DE00E9B47E /* AYGradientView.h */,
				539F0C7E1CEA54DE00E9B47E /* AYGradientView.m */,
				539F0C871CEA5C3200E9B47E /* AYBluredCoverView.h */,
				539F0C881CEA5C3200E9B47E /* AYBluredCoverView.m */,
				53299B091CEB041A005D44B1 /* AYTrailerButton.h */,
				53299B0A1CEB041A005D44B1 /* AYTrailerButton.m */,
				53299B0C1CEB0828005D44B1 /* AYBookmarkButton.h */,
				53299B0D1CEB0828005D44B1 /* AYBookmarkButton.m */,
			);
			path = Shared;
			sourceTree = "<group>";
		};
		539F0C801CEA5B4000E9B47E /* Helpers */ = {
			isa = PBXGroup;
			children = (
				539F0C811CEA5B4900E9B47E /* UIImage+ImageEffects.h */,
				539F0C821CEA5B4900E9B47E /* UIImage+ImageEffects.m */,
				539F0C831CEA5B4900E9B47E /* UIView+Blur.h */,
				539F0C841CEA5B4900E9B47E /* UIView+Blur.m */,
				539F0C8A1CEA5E2500E9B47E /* UIFont+App.h */,
				539F0C8B1CEA5E2500E9B47E /* UIFont+App.m */,
			);
			path = Helpers;
			sourceTree = "<group>";
		};
		539F0C8D1CEA600B00E9B47E /* Fonts */ = {
			isa = PBXGroup;
			children = (
				539F0C8E1CEA600B00E9B47E /* FuturaPTBold.otf */,
				539F0C8F1CEA600B00E9B47E /* ProximaNovaRegular.otf */,
				539F0C901CEA600B00E9B47E /* ProximaNovaSemibold.otf */,
				539F0C911CEA600B00E9B47E /* ProximaNovaThin.otf */,
			);
			path = Fonts;
			sourceTree = "<group>";
		};
		539F0C991CEA642800E9B47E /* Rating */ = {
			isa = PBXGroup;
			children = (
				539F0C9A1CEA642800E9B47E /* AYRatingView.h */,
				539F0C9B1CEA642800E9B47E /* AYRatingView.m */,
				539F0C9D1CEA643D00E9B47E /* AYKinopoiskRatingView.h */,
				539F0C9E1CEA643D00E9B47E /* AYKinopoiskRatingView.m */,
				539F0CA01CEA644A00E9B47E /* AYImdbRatingView.h */,
				539F0CA11CEA644A00E9B47E /* AYImdbRatingView.m */,
				539F0CA31CEA645E00E9B47E /* AYAgeRatingView.h */,
				539F0CA41CEA645E00E9B47E /* AYAgeRatingView.m */,
				539F0CA61CEA6DC200E9B47E /* AYIconRatingView.h */,
				539F0CA71CEA6DC200E9B47E /* AYIconRatingView.m */,
			);
			path = Rating;
			sourceTree = "<group>";
		};
		A2263A2582398DBCF5AB6118 /* Assembly */ = {
			isa = PBXGroup;
			children = (
				950224EE63ACF208CEA1E99E /* AYBuyMovieAssembly.h */,
				4D02688779417F43C4482921 /* AYBuyMovieAssembly.m */,
			);
			path = Assembly;
			sourceTree = "<group>";
		};
		B973B3A3E9BBA6D481468C31 /* View */ = {
			isa = PBXGroup;
			children = (
				A61E373C46904809CF70C1CE /* AYBuyMovieViewInput.h */,
				8B8B00F431B272FDDA640779 /* AYBuyMovieViewOutput.h */,
				70E417061EF17E93893B7E4C /* AYBuyMovieViewController.h */,
				6593A2E9943C3A0D961FBD6A /* AYBuyMovieViewController.m */,
				532B6AE31CEB6DA0002B2B98 /* AYBuyMovieContainer.h */,
				532B6AE41CEB6DA0002B2B98 /* AYBuyMovieContainer.m */,
				532B6AE61CEB6FAC002B2B98 /* AYSegmentControl.h */,
				532B6AE71CEB6FAC002B2B98 /* AYSegmentControl.m */,
				532B6AED1CEB9159002B2B98 /* AYPriceSlider.h */,
				532B6AEE1CEB9159002B2B98 /* AYPriceSlider.m */,
				532B6AF31CEB935E002B2B98 /* AYPriceCell.h */,
				532B6AF41CEB935E002B2B98 /* AYPriceCell.m */,
				53BB7EC01CEC92A000379B2F /* AYLoadingButton.h */,
				53BB7EC11CEC92A000379B2F /* AYLoadingButton.m */,
			);
			path = View;
			sourceTree = "<group>";
		};
		CF278DBB996B58C5AE33B0E6 /* BuyMovie */ = {
			isa = PBXGroup;
			children = (
				A2263A2582398DBCF5AB6118 /* Assembly */,
				B973B3A3E9BBA6D481468C31 /* View */,
				5136EB86D94B370937491CEB /* Wireframe */,
			);
			path = BuyMovie;
			sourceTree = "<group>";
		};
		E32C342E7A01A72506869D06 /* Frameworks */ = {
			isa = PBXGroup;
			children = (
				64EA973F687D4FECA7EED9C5 /* libPods-AyyoTest.a */,
			);
			name = Frameworks;
			sourceTree = "<group>";
		};
/* End PBXGroup section */

/* Begin PBXNativeTarget section */
		539F0BDB1CEA322900E9B47E /* AyyoTest */ = {
			isa = PBXNativeTarget;
			buildConfigurationList = 539F0BF31CEA322900E9B47E /* Build configuration list for PBXNativeTarget "AyyoTest" */;
			buildPhases = (
				18D97A8AA6796873CDB242C1 /* 📦 Check Pods Manifest.lock */,
				539F0BD81CEA322900E9B47E /* Sources */,
				539F0BD91CEA322900E9B47E /* Frameworks */,
				539F0BDA1CEA322900E9B47E /* Resources */,
				4537EE901DF225AE08C4F93B /* 📦 Embed Pods Frameworks */,
				BE62C8C08CCBFB99C95A61C8 /* 📦 Copy Pods Resources */,
			);
			buildRules = (
			);
			dependencies = (
			);
			name = AyyoTest;
			productName = AyyoTest;
			productReference = 539F0BDC1CEA322900E9B47E /* AyyoTest.app */;
			productType = "com.apple.product-type.application";
		};
/* End PBXNativeTarget section */

/* Begin PBXProject section */
		539F0BD41CEA322900E9B47E /* Project object */ = {
			isa = PBXProject;
			attributes = {
				CLASSPREFIX = AY;
				LastUpgradeCheck = 0730;
				ORGANIZATIONNAME = igrampe;
				TargetAttributes = {
					539F0BDB1CEA322900E9B47E = {
						CreatedOnToolsVersion = 7.3;
					};
				};
			};
			buildConfigurationList = 539F0BD71CEA322900E9B47E /* Build configuration list for PBXProject "AyyoTest" */;
			compatibilityVersion = "Xcode 3.2";
			developmentRegion = English;
			hasScannedForEncodings = 0;
			knownRegions = (
				en,
				Base,
			);
			mainGroup = 539F0BD31CEA322900E9B47E;
			productRefGroup = 539F0BDD1CEA322900E9B47E /* Products */;
			projectDirPath = "";
			projectRoot = "";
			targets = (
				539F0BDB1CEA322900E9B47E /* AyyoTest */,
			);
		};
/* End PBXProject section */

/* Begin PBXResourcesBuildPhase section */
		539F0BDA1CEA322900E9B47E /* Resources */ = {
			isa = PBXResourcesBuildPhase;
			buildActionMask = 2147483647;
			files = (
				532D66171CEB2AE70019CAA8 /* cover@2x.png in Resources */,
				532D66161CEB2AE70019CAA8 /* cover.png in Resources */,
				539F0C071CEA331700E9B47E /* Assets.xcassets in Resources */,
				539F0C941CEA600B00E9B47E /* ProximaNovaSemibold.otf in Resources */,
				532D66181CEB2AE70019CAA8 /* cover@3x.png in Resources */,
				539F0C6F1CEA40D400E9B47E /* ColorScheme.plist in Resources */,
				539F0C081CEA331700E9B47E /* LaunchScreen.storyboard in Resources */,
				539F0C951CEA600B00E9B47E /* ProximaNovaThin.otf in Resources */,
				539F0C921CEA600B00E9B47E /* FuturaPTBold.otf in Resources */,
				539F0C931CEA600B00E9B47E /* ProximaNovaRegular.otf in Resources */,
			);
			runOnlyForDeploymentPostprocessing = 0;
		};
/* End PBXResourcesBuildPhase section */

/* Begin PBXShellScriptBuildPhase section */
		18D97A8AA6796873CDB242C1 /* 📦 Check Pods Manifest.lock */ = {
			isa = PBXShellScriptBuildPhase;
			buildActionMask = 2147483647;
			files = (
			);
			inputPaths = (
			);
			name = "📦 Check Pods Manifest.lock";
			outputPaths = (
			);
			runOnlyForDeploymentPostprocessing = 0;
			shellPath = /bin/sh;
			shellScript = "diff \"${PODS_ROOT}/../Podfile.lock\" \"${PODS_ROOT}/Manifest.lock\" > /dev/null\nif [[ $? != 0 ]] ; then\n    cat << EOM\nerror: The sandbox is not in sync with the Podfile.lock. Run 'pod install' or update your CocoaPods installation.\nEOM\n    exit 1\nfi\n";
			showEnvVarsInLog = 0;
		};
		4537EE901DF225AE08C4F93B /* 📦 Embed Pods Frameworks */ = {
			isa = PBXShellScriptBuildPhase;
			buildActionMask = 2147483647;
			files = (
			);
			inputPaths = (
			);
			name = "📦 Embed Pods Frameworks";
			outputPaths = (
			);
			runOnlyForDeploymentPostprocessing = 0;
			shellPath = /bin/sh;
			shellScript = "\"${SRCROOT}/Pods/Target Support Files/Pods-AyyoTest/Pods-AyyoTest-frameworks.sh\"\n";
			showEnvVarsInLog = 0;
		};
		BE62C8C08CCBFB99C95A61C8 /* 📦 Copy Pods Resources */ = {
			isa = PBXShellScriptBuildPhase;
			buildActionMask = 2147483647;
			files = (
			);
			inputPaths = (
			);
			name = "📦 Copy Pods Resources";
			outputPaths = (
			);
			runOnlyForDeploymentPostprocessing = 0;
			shellPath = /bin/sh;
			shellScript = "\"${SRCROOT}/Pods/Target Support Files/Pods-AyyoTest/Pods-AyyoTest-resources.sh\"\n";
			showEnvVarsInLog = 0;
		};
/* End PBXShellScriptBuildPhase section */

/* Begin PBXSourcesBuildPhase section */
		539F0BD81CEA322900E9B47E /* Sources */ = {
			isa = PBXSourcesBuildPhase;
			buildActionMask = 2147483647;
			files = (
				539F0C891CEA5C3200E9B47E /* AYBluredCoverView.m in Sources */,
				539F0C9F1CEA643D00E9B47E /* AYKinopoiskRatingView.m in Sources */,
				539F0C861CEA5B4900E9B47E /* UIView+Blur.m in Sources */,
				539F0C611CEA40B600E9B47E /* APLFileSystem.m in Sources */,
				539F0C651CEA40B600E9B47E /* APLView.m in Sources */,
				539F0C151CEA347000E9B47E /* AYRootViewController.m in Sources */,
				539F0C3D1CEA39BA00E9B47E /* AYMovieViewController.m in Sources */,
				539F0C261CEA393F00E9B47E /* AYStartWireframe.m in Sources */,
				539F0C6B1CEA40B600E9B47E /* UIViewController+APL.m in Sources */,
				539F0C251CEA393F00E9B47E /* AYStartViewController.m in Sources */,
				539F0C791CEA516200E9B47E /* AYRoundedButton.m in Sources */,
				539F0C601CEA40B600E9B47E /* APLColorScheme.m in Sources */,
				539F0C8C1CEA5E2500E9B47E /* UIFont+App.m in Sources */,
				539F0C731CEA4E2400E9B47E /* AYAppConfiguratorImp.m in Sources */,
				539F0C0E1CEA33E600E9B47E /* AYAppAssembly.m in Sources */,
				539F0C631CEA40B600E9B47E /* APLPageControl.m in Sources */,
				539F0C6C1CEA40B600E9B47E /* APLServiceLocator.m in Sources */,
				539F0C3E1CEA39BA00E9B47E /* AYMovieWireframe.m in Sources */,
				539F0C121CEA346500E9B47E /* AYRootAssembly.m in Sources */,
				539F0CA21CEA644A00E9B47E /* AYImdbRatingView.m in Sources */,
				539F0C641CEA40B600E9B47E /* APLTextHelper.m in Sources */,
				539F0C9C1CEA642800E9B47E /* AYRatingView.m in Sources */,
				53299B121CEB219F005D44B1 /* AYMoviePonso.m in Sources */,
				539F0C0B1CEA331700E9B47E /* main.m in Sources */,
				539F0C6A1CEA40B600E9B47E /* UIColor+APL.m in Sources */,
				53BB7EC21CEC92A000379B2F /* AYLoadingButton.m in Sources */,
				539F0C5F1CEA40B600E9B47E /* APLBlocks.m in Sources */,
				53299B0E1CEB0828005D44B1 /* AYBookmarkButton.m in Sources */,
				532B6AE81CEB6FAC002B2B98 /* AYSegmentControl.m in Sources */,
				539F0C691CEA40B600E9B47E /* NSString+Utils.m in Sources */,
				539F0C661CEA40B600E9B47E /* NSNotificationCenter+APL.m in Sources */,
				53299B181CEB2288005D44B1 /* AYPriceValuePonso.m in Sources */,
				532B6AE51CEB6DA0002B2B98 /* AYBuyMovieContainer.m in Sources */,
				539F0C3C1CEA39BA00E9B47E /* AYMovieAssembly.m in Sources */,
				532B6AF51CEB935E002B2B98 /* AYPriceCell.m in Sources */,
				539F0CA81CEA6DC200E9B47E /* AYIconRatingView.m in Sources */,
				539F0C621CEA40B600E9B47E /* APLKeyboardHelper.m in Sources */,
				539F0C181CEA349300E9B47E /* AYRootWireframe.m in Sources */,
				539F0C671CEA40B600E9B47E /* NSObject+APL.m in Sources */,
				539F0C7F1CEA54DE00E9B47E /* AYGradientView.m in Sources */,
				532B6AEF1CEB9159002B2B98 /* AYPriceSlider.m in Sources */,
				539F0C851CEA5B4900E9B47E /* UIImage+ImageEffects.m in Sources */,
				539F0C061CEA331700E9B47E /* AppDelegate.m in Sources */,
				53299B0B1CEB041A005D44B1 /* AYTrailerButton.m in Sources */,
				53299B151CEB221B005D44B1 /* AYPricePonso.m in Sources */,
				539F0C241CEA393F00E9B47E /* AYStartAssembly.m in Sources */,
				539F0C681CEA40B600E9B47E /* NSString+Attributing.m in Sources */,
				539F0CA51CEA645E00E9B47E /* AYAgeRatingView.m in Sources */,
				534A74C1EFF1EE76028D9E45 /* AYBuyMovieAssembly.m in Sources */,
				AF802DEF7CAC012FC3D2EB7D /* AYBuyMovieViewController.m in Sources */,
				78F8DD12729E16E67EA74EC5 /* AYBuyMovieWireframe.m in Sources */,
			);
			runOnlyForDeploymentPostprocessing = 0;
		};
/* End PBXSourcesBuildPhase section */

/* Begin PBXVariantGroup section */
		539F0BFD1CEA331700E9B47E /* LaunchScreen.storyboard */ = {
			isa = PBXVariantGroup;
			children = (
				539F0BFE1CEA331700E9B47E /* Base */,
			);
			name = LaunchScreen.storyboard;
			sourceTree = "<group>";
		};
/* End PBXVariantGroup section */

/* Begin XCBuildConfiguration section */
		539F0BF11CEA322900E9B47E /* Debug */ = {
			isa = XCBuildConfiguration;
			buildSettings = {
				ALWAYS_SEARCH_USER_PATHS = NO;
				CLANG_ANALYZER_NONNULL = YES;
				CLANG_CXX_LANGUAGE_STANDARD = "gnu++0x";
				CLANG_CXX_LIBRARY = "libc++";
				CLANG_ENABLE_MODULES = YES;
				CLANG_ENABLE_OBJC_ARC = YES;
				CLANG_WARN_BOOL_CONVERSION = YES;
				CLANG_WARN_CONSTANT_CONVERSION = YES;
				CLANG_WARN_DIRECT_OBJC_ISA_USAGE = YES_ERROR;
				CLANG_WARN_EMPTY_BODY = YES;
				CLANG_WARN_ENUM_CONVERSION = YES;
				CLANG_WARN_INT_CONVERSION = YES;
				CLANG_WARN_OBJC_ROOT_CLASS = YES_ERROR;
				CLANG_WARN_UNREACHABLE_CODE = YES;
				CLANG_WARN__DUPLICATE_METHOD_MATCH = YES;
				"CODE_SIGN_IDENTITY[sdk=iphoneos*]" = "iPhone Developer";
				COPY_PHASE_STRIP = NO;
				DEBUG_INFORMATION_FORMAT = dwarf;
				ENABLE_STRICT_OBJC_MSGSEND = YES;
				ENABLE_TESTABILITY = YES;
				GCC_C_LANGUAGE_STANDARD = gnu99;
				GCC_DYNAMIC_NO_PIC = NO;
				GCC_NO_COMMON_BLOCKS = YES;
				GCC_OPTIMIZATION_LEVEL = 0;
				GCC_PREPROCESSOR_DEFINITIONS = (
					"DEBUG=1",
					"$(inherited)",
				);
				GCC_WARN_64_TO_32_BIT_CONVERSION = YES;
				GCC_WARN_ABOUT_RETURN_TYPE = YES_ERROR;
				GCC_WARN_UNDECLARED_SELECTOR = YES;
				GCC_WARN_UNINITIALIZED_AUTOS = YES_AGGRESSIVE;
				GCC_WARN_UNUSED_FUNCTION = YES;
				GCC_WARN_UNUSED_VARIABLE = YES;
				IPHONEOS_DEPLOYMENT_TARGET = 9.3;
				MTL_ENABLE_DEBUG_INFO = YES;
				ONLY_ACTIVE_ARCH = YES;
				SDKROOT = iphoneos;
			};
			name = Debug;
		};
		539F0BF21CEA322900E9B47E /* Release */ = {
			isa = XCBuildConfiguration;
			buildSettings = {
				ALWAYS_SEARCH_USER_PATHS = NO;
				CLANG_ANALYZER_NONNULL = YES;
				CLANG_CXX_LANGUAGE_STANDARD = "gnu++0x";
				CLANG_CXX_LIBRARY = "libc++";
				CLANG_ENABLE_MODULES = YES;
				CLANG_ENABLE_OBJC_ARC = YES;
				CLANG_WARN_BOOL_CONVERSION = YES;
				CLANG_WARN_CONSTANT_CONVERSION = YES;
				CLANG_WARN_DIRECT_OBJC_ISA_USAGE = YES_ERROR;
				CLANG_WARN_EMPTY_BODY = YES;
				CLANG_WARN_ENUM_CONVERSION = YES;
				CLANG_WARN_INT_CONVERSION = YES;
				CLANG_WARN_OBJC_ROOT_CLASS = YES_ERROR;
				CLANG_WARN_UNREACHABLE_CODE = YES;
				CLANG_WARN__DUPLICATE_METHOD_MATCH = YES;
				"CODE_SIGN_IDENTITY[sdk=iphoneos*]" = "iPhone Developer";
				COPY_PHASE_STRIP = NO;
				DEBUG_INFORMATION_FORMAT = "dwarf-with-dsym";
				ENABLE_NS_ASSERTIONS = NO;
				ENABLE_STRICT_OBJC_MSGSEND = YES;
				GCC_C_LANGUAGE_STANDARD = gnu99;
				GCC_NO_COMMON_BLOCKS = YES;
				GCC_WARN_64_TO_32_BIT_CONVERSION = YES;
				GCC_WARN_ABOUT_RETURN_TYPE = YES_ERROR;
				GCC_WARN_UNDECLARED_SELECTOR = YES;
				GCC_WARN_UNINITIALIZED_AUTOS = YES_AGGRESSIVE;
				GCC_WARN_UNUSED_FUNCTION = YES;
				GCC_WARN_UNUSED_VARIABLE = YES;
				IPHONEOS_DEPLOYMENT_TARGET = 9.3;
				MTL_ENABLE_DEBUG_INFO = NO;
				SDKROOT = iphoneos;
				VALIDATE_PRODUCT = YES;
			};
			name = Release;
		};
		539F0BF41CEA322900E9B47E /* Debug */ = {
			isa = XCBuildConfiguration;
			baseConfigurationReference = 8A2F9302A567EFB65975BF59 /* Pods-AyyoTest.debug.xcconfig */;
			buildSettings = {
				ASSETCATALOG_COMPILER_APPICON_NAME = AppIcon;
				GCC_PRECOMPILE_PREFIX_HEADER = YES;
				GCC_PREFIX_HEADER = "AyyoTest/Supporting Files/PrefixHeader.pch";
				INFOPLIST_FILE = "$(SRCROOT)/AyyoTest/Supporting Files/Info.plist";
				LD_RUNPATH_SEARCH_PATHS = "$(inherited) @executable_path/Frameworks";
				PRODUCT_BUNDLE_IDENTIFIER = com.igrampe.AyyoTest;
				PRODUCT_NAME = "$(TARGET_NAME)";
			};
			name = Debug;
		};
		539F0BF51CEA322900E9B47E /* Release */ = {
			isa = XCBuildConfiguration;
			baseConfigurationReference = 02EBFB36552590F352CAF26A /* Pods-AyyoTest.release.xcconfig */;
			buildSettings = {
				ASSETCATALOG_COMPILER_APPICON_NAME = AppIcon;
				GCC_PRECOMPILE_PREFIX_HEADER = YES;
				GCC_PREFIX_HEADER = "AyyoTest/Supporting Files/PrefixHeader.pch";
				INFOPLIST_FILE = "$(SRCROOT)/AyyoTest/Supporting Files/Info.plist";
				LD_RUNPATH_SEARCH_PATHS = "$(inherited) @executable_path/Frameworks";
				PRODUCT_BUNDLE_IDENTIFIER = com.igrampe.AyyoTest;
				PRODUCT_NAME = "$(TARGET_NAME)";
			};
			name = Release;
		};
/* End XCBuildConfiguration section */

/* Begin XCConfigurationList section */
		539F0BD71CEA322900E9B47E /* Build configuration list for PBXProject "AyyoTest" */ = {
			isa = XCConfigurationList;
			buildConfigurations = (
				539F0BF11CEA322900E9B47E /* Debug */,
				539F0BF21CEA322900E9B47E /* Release */,
			);
			defaultConfigurationIsVisible = 0;
			defaultConfigurationName = Release;
		};
		539F0BF31CEA322900E9B47E /* Build configuration list for PBXNativeTarget "AyyoTest" */ = {
			isa = XCConfigurationList;
			buildConfigurations = (
				539F0BF41CEA322900E9B47E /* Debug */,
				539F0BF51CEA322900E9B47E /* Release */,
			);
			defaultConfigurationIsVisible = 0;
			defaultConfigurationName = Release;
		};
/* End XCConfigurationList section */
	};
	rootObject = 539F0BD41CEA322900E9B47E /* Project object */;
}
